PODS:
  - Flutter (1.0.0)
  - flutter_local_voice_agent (0.1.0):
    - Flutter

DEPENDENCIES:
  - Flutter (from `Flutter`)
  - flutter_local_voice_agent (from `.symlinks/plugins/flutter_local_voice_agent/ios`)

EXTERNAL SOURCES:
  Flutter:
    :path: Flutter
  flutter_local_voice_agent:
    :path: ".symlinks/plugins/flutter_local_voice_agent/ios"

SPEC CHECKSUMS:
  Flutter: 71a624a5bc0c04062bf19101d501e466baf2fb47
  flutter_local_voice_agent: f388be6f4d89faf5389c17f6d8bbe3d4e610aa12

PODFILE CHECKSUM: 53a6aebc29ccee84c41f92f409fc20cd4ca011f1

COCOAPODS: 1.16.2
